
Microsoft Visual Studio Solution File, Format Version 12.00
# Visual Studio Version 16
VisualStudioVersion = 16.0.30011.22
MinimumVisualStudioVersion = 10.0.40219.1
Project("{9A19103F-16F7-4668-BE54-9A1E7A4F7556}") = "GuildCore.Mvc", "GuildCore.Mvc\GuildCore.Mvc.csproj", "{CF16CC7E-5D38-4108-915C-8F67389928D4}"
EndProject
Project("{FAE04EC0-301F-11D3-BF4B-00C04F79EFBC}") = "GuildCore.Common", "GuildCore.Common\GuildCore.Common.csproj", "{81E91166-6948-45C5-98A6-C67AC2D935A0}"
EndProject
Project("{FAE04EC0-301F-11D3-BF4B-00C04F79EFBC}") = "GuildCore.EntityFrameworkCore", "GuildCore.EntityFrameworkCore\GuildCore.EntityFrameworkCore.csproj", "{C97FE32F-6718-4719-9E9E-C8AE05D18FAF}"
EndProject
Project("{FAE04EC0-301F-11D3-BF4B-00C04F79EFBC}") = "GuildCore.Domain.Repository", "GuildCore.Domain.Repository\GuildCore.Domain.Repository.csproj", "{14C64648-96F0-4D71-AD20-C0E89569884C}"
EndProject
Project("{FAE04EC0-301F-11D3-BF4B-00C04F79EFBC}") = "GuildCore.Application", "GuildCore.Application\GuildCore.Application.csproj", "{F9DBF281-B275-45D2-BF93-C7EAD98E7EBD}"
EndProject
Project("{FAE04EC0-301F-11D3-BF4B-00C04F79EFBC}") = "GuildCore.Domain.Model", "GuildCore.Domain.Model\GuildCore.Domain.Model.csproj", "{0BC6239F-00D2-4E7B-8618-ED92A7FA9995}"
EndProject
Project("{FAE04EC0-301F-11D3-BF4B-00C04F79EFBC}") = "GuildCore.Domain.DomainService", "GuildCore.Domain.DomainService\GuildCore.Domain.DomainService.csproj", "{46230073-A983-499A-8CBA-AA608858D1F3}"
EndProject
Project("{FAE04EC0-301F-11D3-BF4B-00C04F79EFBC}") = "GuildCore.Infrastructure.DomainService", "GuildCore.Infrastructure.DomainService\GuildCore.Infrastructure.DomainService.csproj", "{38DA4A78-12D8-43E3-89AE-0AA5212A8568}"
EndProject
Global
	GlobalSection(SolutionConfigurationPlatforms) = preSolution
		Debug|Any CPU = Debug|Any CPU
		Release|Any CPU = Release|Any CPU
	EndGlobalSection
	GlobalSection(ProjectConfigurationPlatforms) = postSolution
		{CF16CC7E-5D38-4108-915C-8F67389928D4}.Debug|Any CPU.ActiveCfg = Debug|Any CPU
		{CF16CC7E-5D38-4108-915C-8F67389928D4}.Debug|Any CPU.Build.0 = Debug|Any CPU
		{CF16CC7E-5D38-4108-915C-8F67389928D4}.Release|Any CPU.ActiveCfg = Release|Any CPU
		{CF16CC7E-5D38-4108-915C-8F67389928D4}.Release|Any CPU.Build.0 = Release|Any CPU
		{81E91166-6948-45C5-98A6-C67AC2D935A0}.Debug|Any CPU.ActiveCfg = Debug|Any CPU
		{81E91166-6948-45C5-98A6-C67AC2D935A0}.Debug|Any CPU.Build.0 = Debug|Any CPU
		{81E91166-6948-45C5-98A6-C67AC2D935A0}.Release|Any CPU.ActiveCfg = Release|Any CPU
		{81E91166-6948-45C5-98A6-C67AC2D935A0}.Release|Any CPU.Build.0 = Release|Any CPU
		{C97FE32F-6718-4719-9E9E-C8AE05D18FAF}.Debug|Any CPU.ActiveCfg = Debug|Any CPU
		{C97FE32F-6718-4719-9E9E-C8AE05D18FAF}.Debug|Any CPU.Build.0 = Debug|Any CPU
		{C97FE32F-6718-4719-9E9E-C8AE05D18FAF}.Release|Any CPU.ActiveCfg = Release|Any CPU
		{C97FE32F-6718-4719-9E9E-C8AE05D18FAF}.Release|Any CPU.Build.0 = Release|Any CPU
		{14C64648-96F0-4D71-AD20-C0E89569884C}.Debug|Any CPU.ActiveCfg = Debug|Any CPU
		{14C64648-96F0-4D71-AD20-C0E89569884C}.Debug|Any CPU.Build.0 = Debug|Any CPU
		{14C64648-96F0-4D71-AD20-C0E89569884C}.Release|Any CPU.ActiveCfg = Release|Any CPU
		{14C64648-96F0-4D71-AD20-C0E89569884C}.Release|Any CPU.Build.0 = Release|Any CPU
		{F9DBF281-B275-45D2-BF93-C7EAD98E7EBD}.Debug|Any CPU.ActiveCfg = Debug|Any CPU
		{F9DBF281-B275-45D2-BF93-C7EAD98E7EBD}.Debug|Any CPU.Build.0 = Debug|Any CPU
		{F9DBF281-B275-45D2-BF93-C7EAD98E7EBD}.Release|Any CPU.ActiveCfg = Release|Any CPU
		{F9DBF281-B275-45D2-BF93-C7EAD98E7EBD}.Release|Any CPU.Build.0 = Release|Any CPU
		{0BC6239F-00D2-4E7B-8618-ED92A7FA9995}.Debug|Any CPU.ActiveCfg = Debug|Any CPU
		{0BC6239F-00D2-4E7B-8618-ED92A7FA9995}.Debug|Any CPU.Build.0 = Debug|Any CPU
		{0BC6239F-00D2-4E7B-8618-ED92A7FA9995}.Release|Any CPU.ActiveCfg = Release|Any CPU
		{0BC6239F-00D2-4E7B-8618-ED92A7FA9995}.Release|Any CPU.Build.0 = Release|Any CPU
		{46230073-A983-499A-8CBA-AA608858D1F3}.Debug|Any CPU.ActiveCfg = Debug|Any CPU
		{46230073-A983-499A-8CBA-AA608858D1F3}.Debug|Any CPU.Build.0 = Debug|Any CPU
		{46230073-A983-499A-8CBA-AA608858D1F3}.Release|Any CPU.ActiveCfg = Release|Any CPU
		{46230073-A983-499A-8CBA-AA608858D1F3}.Release|Any CPU.Build.0 = Release|Any CPU
		{38DA4A78-12D8-43E3-89AE-0AA5212A8568}.Debug|Any CPU.ActiveCfg = Debug|Any CPU
		{38DA4A78-12D8-43E3-89AE-0AA5212A8568}.Debug|Any CPU.Build.0 = Debug|Any CPU
		{38DA4A78-12D8-43E3-89AE-0AA5212A8568}.Release|Any CPU.ActiveCfg = Release|Any CPU
		{38DA4A78-12D8-43E3-89AE-0AA5212A8568}.Release|Any CPU.Build.0 = Release|Any CPU
	EndGlobalSection
	GlobalSection(SolutionProperties) = preSolution
		HideSolutionNode = FALSE
	EndGlobalSection
	GlobalSection(ExtensibilityGlobals) = postSolution
		SolutionGuid = {9B47FFF3-2EA2-4940-8D08-FE64BA1F5C82}
	EndGlobalSection
EndGlobal
